
Microsoft Visual Studio Solution File, Format Version 12.00
# Visual Studio Version 17
VisualStudioVersion = 17.0.31903.59
MinimumVisualStudioVersion = 10.0.40219.1
Project("{FAE04EC0-301F-11D3-BF4B-00C04F79EFBC}") = "Gateway.Api", "src\Gateway\Gateway.Api.csproj", "{795C1D05-1B64-4081-A706-64A07EC5B354}"
EndProject
Project("{2150E333-8FDC-42A3-9474-1A3956D46DE8}") = "src", "src", "{827E0CD3-B72D-47B6-A68D-7590B98EB39B}"
EndProject
Project("{2150E333-8FDC-42A3-9474-1A3956D46DE8}") = "Shared", "Shared", "{C8E42992-5E42-0C2B-DBFE-AA848D06431C}"
EndProject
Project("{FAE04EC0-301F-11D3-BF4B-00C04F79EFBC}") = "Shared.Domain", "src\Shared\Shared.Domain\Shared.Domain.csproj", "{66E33E56-8B87-4E32-92DC-3E52B2F03893}"
EndProject
Project("{FAE04EC0-301F-11D3-BF4B-00C04F79EFBC}") = "Shared.Infrastructure", "src\Shared\Shared.Infrastructure\Shared.Infrastructure.csproj", "{B95396DB-7D6F-4272-9845-699B44044B11}"
EndProject
Project("{FAE04EC0-301F-11D3-BF4B-00C04F79EFBC}") = "Shared.Application", "src\Shared\Shared.Application\Shared.Application.csproj", "{E2A69CC5-9B14-4BF5-9DC2-9F899F67651F}"
EndProject
Project("{2150E333-8FDC-42A3-9474-1A3956D46DE8}") = "Services", "Services", "{984BB9B3-3FA3-BE33-9484-CAC21695A33C}"
EndProject
Project("{2150E333-8FDC-42A3-9474-1A3956D46DE8}") = "Gateway", "Gateway", "{02EA681E-C7D8-13C7-8484-4AC65E1B71E8}"
EndProject
Project("{2150E333-8FDC-42A3-9474-1A3956D46DE8}") = "Catalogo", "Catalogo", "{D761A62D-21D0-98B2-616F-78F642F924B4}"
EndProject
Project("{FAE04EC0-301F-11D3-BF4B-00C04F79EFBC}") = "Catalogo.Api", "src\Services\Catalogo\Catalogo.Api\Catalogo.Api.csproj", "{B0D883DB-2D7B-48FE-B1FA-E3BC1AFC9BD5}"
EndProject
Project("{FAE04EC0-301F-11D3-BF4B-00C04F79EFBC}") = "Catalogo.Domain", "src\Services\Catalogo\Catalogo.Domain\Catalogo.Domain.csproj", "{2F8FD064-5598-4323-A746-A8B4559F3294}"
EndProject
Project("{2150E333-8FDC-42A3-9474-1A3956D46DE8}") = "Identity", "Identity", "{C9E32DFD-66DE-4A7D-8A57-164E7C0F5E0C}"
EndProject
Project("{FAE04EC0-301F-11D3-BF4B-00C04F79EFBC}") = "Identity.Api", "src\Services\Identity\Identity.Api\Identity.Api.csproj", "{0E2F8AE0-DAE7-4F9B-8BCF-8A7D7163AF19}"
EndProject
Project("{FAE04EC0-301F-11D3-BF4B-00C04F79EFBC}") = "Identity.Domain", "src\Services\Identity\Identity.Domain\Identity.Domain.csproj", "{361D3C2C-EE3B-4794-8EA6-1C9C3E72C0B2}"
EndProject
Project("{2150E333-8FDC-42A3-9474-1A3956D46DE8}") = "WeaveCore", "WeaveCore", "{F0F3B66E-9E6B-4DFF-93BB-7883F667A2C2}"
EndProject
Project("{FAE04EC0-301F-11D3-BF4B-00C04F79EFBC}") = "WeaveCore.Api", "src\Services\WeaveCore\WeaveCore.Api\WeaveCore.Api.csproj", "{996B1A1A-0E6F-4C7F-9FC0-D26B65B638F3}"
EndProject
Project("{FAE04EC0-301F-11D3-BF4B-00C04F79EFBC}") = "WeaveCore.Domain", "src\Services\WeaveCore\WeaveCore.Domain\WeaveCore.Domain.csproj", "{A1B8F733-45F6-4E4E-A2F9-8B12E434A6C7}"
EndProject
Project("{2150E333-8FDC-42A3-9474-1A3956D46DE8}") = "FileServer", "FileServer", "{49A61280-BE0B-B347-9318-97195D323CE9}"
EndProject
Project("{FAE04EC0-301F-11D3-BF4B-00C04F79EFBC}") = "FileServer.Api", "src\Services\FileServer\FileServer.Api\FileServer.Api.csproj", "{95327C3E-91FC-46AD-8C50-5256CC86B779}"
EndProject
Global
	GlobalSection(SolutionConfigurationPlatforms) = preSolution
		Debug|Any CPU = Debug|Any CPU
		Debug|x64 = Debug|x64
		Debug|x86 = Debug|x86
		Release|Any CPU = Release|Any CPU
		Release|x64 = Release|x64
		Release|x86 = Release|x86
	EndGlobalSection
	GlobalSection(ProjectConfigurationPlatforms) = postSolution
		{795C1D05-1B64-4081-A706-64A07EC5B354}.Debug|Any CPU.ActiveCfg = Debug|Any CPU
		{795C1D05-1B64-4081-A706-64A07EC5B354}.Debug|Any CPU.Build.0 = Debug|Any CPU
		{795C1D05-1B64-4081-A706-64A07EC5B354}.Debug|x64.ActiveCfg = Debug|Any CPU
		{795C1D05-1B64-4081-A706-64A07EC5B354}.Debug|x64.Build.0 = Debug|Any CPU
		{795C1D05-1B64-4081-A706-64A07EC5B354}.Debug|x86.ActiveCfg = Debug|Any CPU
		{795C1D05-1B64-4081-A706-64A07EC5B354}.Debug|x86.Build.0 = Debug|Any CPU
		{795C1D05-1B64-4081-A706-64A07EC5B354}.Release|Any CPU.ActiveCfg = Release|Any CPU
		{795C1D05-1B64-4081-A706-64A07EC5B354}.Release|Any CPU.Build.0 = Release|Any CPU
		{795C1D05-1B64-4081-A706-64A07EC5B354}.Release|x64.ActiveCfg = Release|Any CPU
		{795C1D05-1B64-4081-A706-64A07EC5B354}.Release|x64.Build.0 = Release|Any CPU
		{795C1D05-1B64-4081-A706-64A07EC5B354}.Release|x86.ActiveCfg = Release|Any CPU
		{795C1D05-1B64-4081-A706-64A07EC5B354}.Release|x86.Build.0 = Release|Any CPU
		{66E33E56-8B87-4E32-92DC-3E52B2F03893}.Debug|Any CPU.ActiveCfg = Debug|Any CPU
		{66E33E56-8B87-4E32-92DC-3E52B2F03893}.Debug|Any CPU.Build.0 = Debug|Any CPU
		{66E33E56-8B87-4E32-92DC-3E52B2F03893}.Debug|x64.ActiveCfg = Debug|Any CPU
		{66E33E56-8B87-4E32-92DC-3E52B2F03893}.Debug|x64.Build.0 = Debug|Any CPU
		{66E33E56-8B87-4E32-92DC-3E52B2F03893}.Debug|x86.ActiveCfg = Debug|Any CPU
		{66E33E56-8B87-4E32-92DC-3E52B2F03893}.Debug|x86.Build.0 = Debug|Any CPU
		{66E33E56-8B87-4E32-92DC-3E52B2F03893}.Release|Any CPU.ActiveCfg = Release|Any CPU
		{66E33E56-8B87-4E32-92DC-3E52B2F03893}.Release|Any CPU.Build.0 = Release|Any CPU
		{66E33E56-8B87-4E32-92DC-3E52B2F03893}.Release|x64.ActiveCfg = Release|Any CPU
		{66E33E56-8B87-4E32-92DC-3E52B2F03893}.Release|x64.Build.0 = Release|Any CPU
		{66E33E56-8B87-4E32-92DC-3E52B2F03893}.Release|x86.ActiveCfg = Release|Any CPU
		{66E33E56-8B87-4E32-92DC-3E52B2F03893}.Release|x86.Build.0 = Release|Any CPU
		{B95396DB-7D6F-4272-9845-699B44044B11}.Debug|Any CPU.ActiveCfg = Debug|Any CPU
		{B95396DB-7D6F-4272-9845-699B44044B11}.Debug|Any CPU.Build.0 = Debug|Any CPU
		{B95396DB-7D6F-4272-9845-699B44044B11}.Debug|x64.ActiveCfg = Debug|Any CPU
		{B95396DB-7D6F-4272-9845-699B44044B11}.Debug|x64.Build.0 = Debug|Any CPU
		{B95396DB-7D6F-4272-9845-699B44044B11}.Debug|x86.ActiveCfg = Debug|Any CPU
		{B95396DB-7D6F-4272-9845-699B44044B11}.Debug|x86.Build.0 = Debug|Any CPU
		{B95396DB-7D6F-4272-9845-699B44044B11}.Release|Any CPU.ActiveCfg = Release|Any CPU
		{B95396DB-7D6F-4272-9845-699B44044B11}.Release|Any CPU.Build.0 = Release|Any CPU
		{B95396DB-7D6F-4272-9845-699B44044B11}.Release|x64.ActiveCfg = Release|Any CPU
		{B95396DB-7D6F-4272-9845-699B44044B11}.Release|x64.Build.0 = Release|Any CPU
		{B95396DB-7D6F-4272-9845-699B44044B11}.Release|x86.ActiveCfg = Release|Any CPU
		{B95396DB-7D6F-4272-9845-699B44044B11}.Release|x86.Build.0 = Release|Any CPU
		{E2A69CC5-9B14-4BF5-9DC2-9F899F67651F}.Debug|Any CPU.ActiveCfg = Debug|Any CPU
		{E2A69CC5-9B14-4BF5-9DC2-9F899F67651F}.Debug|Any CPU.Build.0 = Debug|Any CPU
		{E2A69CC5-9B14-4BF5-9DC2-9F899F67651F}.Debug|x64.ActiveCfg = Debug|Any CPU
		{E2A69CC5-9B14-4BF5-9DC2-9F899F67651F}.Debug|x64.Build.0 = Debug|Any CPU
		{E2A69CC5-9B14-4BF5-9DC2-9F899F67651F}.Debug|x86.ActiveCfg = Debug|Any CPU
		{E2A69CC5-9B14-4BF5-9DC2-9F899F67651F}.Debug|x86.Build.0 = Debug|Any CPU
		{E2A69CC5-9B14-4BF5-9DC2-9F899F67651F}.Release|Any CPU.ActiveCfg = Release|Any CPU
		{E2A69CC5-9B14-4BF5-9DC2-9F899F67651F}.Release|Any CPU.Build.0 = Release|Any CPU
		{E2A69CC5-9B14-4BF5-9DC2-9F899F67651F}.Release|x64.ActiveCfg = Release|Any CPU
		{E2A69CC5-9B14-4BF5-9DC2-9F899F67651F}.Release|x64.Build.0 = Release|Any CPU
		{E2A69CC5-9B14-4BF5-9DC2-9F899F67651F}.Release|x86.ActiveCfg = Release|Any CPU
		{E2A69CC5-9B14-4BF5-9DC2-9F899F67651F}.Release|x86.Build.0 = Release|Any CPU
		{B0D883DB-2D7B-48FE-B1FA-E3BC1AFC9BD5}.Debug|Any CPU.ActiveCfg = Debug|Any CPU
		{B0D883DB-2D7B-48FE-B1FA-E3BC1AFC9BD5}.Debug|Any CPU.Build.0 = Debug|Any CPU
		{B0D883DB-2D7B-48FE-B1FA-E3BC1AFC9BD5}.Debug|x64.ActiveCfg = Debug|Any CPU
		{B0D883DB-2D7B-48FE-B1FA-E3BC1AFC9BD5}.Debug|x64.Build.0 = Debug|Any CPU
		{B0D883DB-2D7B-48FE-B1FA-E3BC1AFC9BD5}.Debug|x86.ActiveCfg = Debug|Any CPU
		{B0D883DB-2D7B-48FE-B1FA-E3BC1AFC9BD5}.Debug|x86.Build.0 = Debug|Any CPU
		{B0D883DB-2D7B-48FE-B1FA-E3BC1AFC9BD5}.Release|Any CPU.ActiveCfg = Release|Any CPU
		{B0D883DB-2D7B-48FE-B1FA-E3BC1AFC9BD5}.Release|Any CPU.Build.0 = Release|Any CPU
		{B0D883DB-2D7B-48FE-B1FA-E3BC1AFC9BD5}.Release|x64.ActiveCfg = Release|Any CPU
		{B0D883DB-2D7B-48FE-B1FA-E3BC1AFC9BD5}.Release|x64.Build.0 = Release|Any CPU
		{B0D883DB-2D7B-48FE-B1FA-E3BC1AFC9BD5}.Release|x86.ActiveCfg = Release|Any CPU
		{B0D883DB-2D7B-48FE-B1FA-E3BC1AFC9BD5}.Release|x86.Build.0 = Release|Any CPU
		{2F8FD064-5598-4323-A746-A8B4559F3294}.Debug|Any CPU.ActiveCfg = Debug|Any CPU
		{2F8FD064-5598-4323-A746-A8B4559F3294}.Debug|Any CPU.Build.0 = Debug|Any CPU
		{2F8FD064-5598-4323-A746-A8B4559F3294}.Debug|x64.ActiveCfg = Debug|Any CPU
		{2F8FD064-5598-4323-A746-A8B4559F3294}.Debug|x64.Build.0 = Debug|Any CPU
		{2F8FD064-5598-4323-A746-A8B4559F3294}.Debug|x86.ActiveCfg = Debug|Any CPU
		{2F8FD064-5598-4323-A746-A8B4559F3294}.Debug|x86.Build.0 = Debug|Any CPU
		{2F8FD064-5598-4323-A746-A8B4559F3294}.Release|Any CPU.ActiveCfg = Release|Any CPU
		{2F8FD064-5598-4323-A746-A8B4559F3294}.Release|Any CPU.Build.0 = Release|Any CPU
		{2F8FD064-5598-4323-A746-A8B4559F3294}.Release|x64.ActiveCfg = Release|Any CPU
		{2F8FD064-5598-4323-A746-A8B4559F3294}.Release|x64.Build.0 = Release|Any CPU
		{2F8FD064-5598-4323-A746-A8B4559F3294}.Release|x86.ActiveCfg = Release|Any CPU
		{2F8FD064-5598-4323-A746-A8B4559F3294}.Release|x86.Build.0 = Release|Any CPU
		{0E2F8AE0-DAE7-4F9B-8BCF-8A7D7163AF19}.Debug|Any CPU.ActiveCfg = Debug|Any CPU
		{0E2F8AE0-DAE7-4F9B-8BCF-8A7D7163AF19}.Debug|Any CPU.Build.0 = Debug|Any CPU
		{0E2F8AE0-DAE7-4F9B-8BCF-8A7D7163AF19}.Debug|x64.ActiveCfg = Debug|Any CPU
		{0E2F8AE0-DAE7-4F9B-8BCF-8A7D7163AF19}.Debug|x64.Build.0 = Debug|Any CPU
		{0E2F8AE0-DAE7-4F9B-8BCF-8A7D7163AF19}.Debug|x86.ActiveCfg = Debug|Any CPU
		{0E2F8AE0-DAE7-4F9B-8BCF-8A7D7163AF19}.Debug|x86.Build.0 = Debug|Any CPU
		{0E2F8AE0-DAE7-4F9B-8BCF-8A7D7163AF19}.Release|Any CPU.ActiveCfg = Release|Any CPU
		{0E2F8AE0-DAE7-4F9B-8BCF-8A7D7163AF19}.Release|Any CPU.Build.0 = Release|Any CPU
		{0E2F8AE0-DAE7-4F9B-8BCF-8A7D7163AF19}.Release|x64.ActiveCfg = Release|Any CPU
		{0E2F8AE0-DAE7-4F9B-8BCF-8A7D7163AF19}.Release|x64.Build.0 = Release|Any CPU
		{0E2F8AE0-DAE7-4F9B-8BCF-8A7D7163AF19}.Release|x86.ActiveCfg = Release|Any CPU
		{0E2F8AE0-DAE7-4F9B-8BCF-8A7D7163AF19}.Release|x86.Build.0 = Release|Any CPU
		{361D3C2C-EE3B-4794-8EA6-1C9C3E72C0B2}.Debug|Any CPU.ActiveCfg = Debug|Any CPU
		{361D3C2C-EE3B-4794-8EA6-1C9C3E72C0B2}.Debug|Any CPU.Build.0 = Debug|Any CPU
		{361D3C2C-EE3B-4794-8EA6-1C9C3E72C0B2}.Debug|x64.ActiveCfg = Debug|Any CPU
		{361D3C2C-EE3B-4794-8EA6-1C9C3E72C0B2}.Debug|x64.Build.0 = Debug|Any CPU
		{361D3C2C-EE3B-4794-8EA6-1C9C3E72C0B2}.Debug|x86.ActiveCfg = Debug|Any CPU
		{361D3C2C-EE3B-4794-8EA6-1C9C3E72C0B2}.Debug|x86.Build.0 = Debug|Any CPU
		{361D3C2C-EE3B-4794-8EA6-1C9C3E72C0B2}.Release|Any CPU.ActiveCfg = Release|Any CPU
		{361D3C2C-EE3B-4794-8EA6-1C9C3E72C0B2}.Release|Any CPU.Build.0 = Release|Any CPU
		{361D3C2C-EE3B-4794-8EA6-1C9C3E72C0B2}.Release|x64.ActiveCfg = Release|Any CPU
		{361D3C2C-EE3B-4794-8EA6-1C9C3E72C0B2}.Release|x64.Build.0 = Release|Any CPU
		{361D3C2C-EE3B-4794-8EA6-1C9C3E72C0B2}.Release|x86.ActiveCfg = Release|Any CPU
		{361D3C2C-EE3B-4794-8EA6-1C9C3E72C0B2}.Release|x86.Build.0 = Release|Any CPU
		{996B1A1A-0E6F-4C7F-9FC0-D26B65B638F3}.Debug|Any CPU.ActiveCfg = Debug|Any CPU
		{996B1A1A-0E6F-4C7F-9FC0-D26B65B638F3}.Debug|Any CPU.Build.0 = Debug|Any CPU
		{996B1A1A-0E6F-4C7F-9FC0-D26B65B638F3}.Debug|x64.ActiveCfg = Debug|Any CPU
		{996B1A1A-0E6F-4C7F-9FC0-D26B65B638F3}.Debug|x64.Build.0 = Debug|Any CPU
		{996B1A1A-0E6F-4C7F-9FC0-D26B65B638F3}.Debug|x86.ActiveCfg = Debug|Any CPU
		{996B1A1A-0E6F-4C7F-9FC0-D26B65B638F3}.Debug|x86.Build.0 = Debug|Any CPU
		{996B1A1A-0E6F-4C7F-9FC0-D26B65B638F3}.Release|Any CPU.ActiveCfg = Release|Any CPU
		{996B1A1A-0E6F-4C7F-9FC0-D26B65B638F3}.Release|Any CPU.Build.0 = Release|Any CPU
		{996B1A1A-0E6F-4C7F-9FC0-D26B65B638F3}.Release|x64.ActiveCfg = Release|Any CPU
		{996B1A1A-0E6F-4C7F-9FC0-D26B65B638F3}.Release|x64.Build.0 = Release|Any CPU
		{996B1A1A-0E6F-4C7F-9FC0-D26B65B638F3}.Release|x86.ActiveCfg = Release|Any CPU
		{996B1A1A-0E6F-4C7F-9FC0-D26B65B638F3}.Release|x86.Build.0 = Release|Any CPU
		{A1B8F733-45F6-4E4E-A2F9-8B12E434A6C7}.Debug|Any CPU.ActiveCfg = Debug|Any CPU
		{A1B8F733-45F6-4E4E-A2F9-8B12E434A6C7}.Debug|Any CPU.Build.0 = Debug|Any CPU
		{A1B8F733-45F6-4E4E-A2F9-8B12E434A6C7}.Debug|x64.ActiveCfg = Debug|Any CPU
		{A1B8F733-45F6-4E4E-A2F9-8B12E434A6C7}.Debug|x64.Build.0 = Debug|Any CPU
		{A1B8F733-45F6-4E4E-A2F9-8B12E434A6C7}.Debug|x86.ActiveCfg = Debug|Any CPU
		{A1B8F733-45F6-4E4E-A2F9-8B12E434A6C7}.Debug|x86.Build.0 = Debug|Any CPU
		{A1B8F733-45F6-4E4E-A2F9-8B12E434A6C7}.Release|Any CPU.ActiveCfg = Release|Any CPU
		{A1B8F733-45F6-4E4E-A2F9-8B12E434A6C7}.Release|Any CPU.Build.0 = Release|Any CPU
		{A1B8F733-45F6-4E4E-A2F9-8B12E434A6C7}.Release|x64.ActiveCfg = Release|Any CPU
		{A1B8F733-45F6-4E4E-A2F9-8B12E434A6C7}.Release|x64.Build.0 = Release|Any CPU
		{A1B8F733-45F6-4E4E-A2F9-8B12E434A6C7}.Release|x86.ActiveCfg = Release|Any CPU
		{A1B8F733-45F6-4E4E-A2F9-8B12E434A6C7}.Release|x86.Build.0 = Release|Any CPU
		{95327C3E-91FC-46AD-8C50-5256CC86B779}.Debug|Any CPU.ActiveCfg = Debug|Any CPU
		{95327C3E-91FC-46AD-8C50-5256CC86B779}.Debug|Any CPU.Build.0 = Debug|Any CPU
		{95327C3E-91FC-46AD-8C50-5256CC86B779}.Debug|x64.ActiveCfg = Debug|Any CPU
		{95327C3E-91FC-46AD-8C50-5256CC86B779}.Debug|x64.Build.0 = Debug|Any CPU
		{95327C3E-91FC-46AD-8C50-5256CC86B779}.Debug|x86.ActiveCfg = Debug|Any CPU
		{95327C3E-91FC-46AD-8C50-5256CC86B779}.Debug|x86.Build.0 = Debug|Any CPU
		{95327C3E-91FC-46AD-8C50-5256CC86B779}.Release|Any CPU.ActiveCfg = Release|Any CPU
		{95327C3E-91FC-46AD-8C50-5256CC86B779}.Release|Any CPU.Build.0 = Release|Any CPU
		{95327C3E-91FC-46AD-8C50-5256CC86B779}.Release|x64.ActiveCfg = Release|Any CPU
		{95327C3E-91FC-46AD-8C50-5256CC86B779}.Release|x64.Build.0 = Release|Any CPU
		{95327C3E-91FC-46AD-8C50-5256CC86B779}.Release|x86.ActiveCfg = Release|Any CPU
		{95327C3E-91FC-46AD-8C50-5256CC86B779}.Release|x86.Build.0 = Release|Any CPU
	EndGlobalSection
	GlobalSection(SolutionProperties) = preSolution
		HideSolutionNode = FALSE
	EndGlobalSection
	GlobalSection(NestedProjects) = preSolution
		{795C1D05-1B64-4081-A706-64A07EC5B354} = {02EA681E-C7D8-13C7-8484-4AC65E1B71E8}
		{C8E42992-5E42-0C2B-DBFE-AA848D06431C} = {827E0CD3-B72D-47B6-A68D-7590B98EB39B}
		{66E33E56-8B87-4E32-92DC-3E52B2F03893} = {C8E42992-5E42-0C2B-DBFE-AA848D06431C}
		{B95396DB-7D6F-4272-9845-699B44044B11} = {C8E42992-5E42-0C2B-DBFE-AA848D06431C}
		{E2A69CC5-9B14-4BF5-9DC2-9F899F67651F} = {C8E42992-5E42-0C2B-DBFE-AA848D06431C}
		{984BB9B3-3FA3-BE33-9484-CAC21695A33C} = {827E0CD3-B72D-47B6-A68D-7590B98EB39B}
		{02EA681E-C7D8-13C7-8484-4AC65E1B71E8} = {827E0CD3-B72D-47B6-A68D-7590B98EB39B}
		{D761A62D-21D0-98B2-616F-78F642F924B4} = {984BB9B3-3FA3-BE33-9484-CAC21695A33C}
		{B0D883DB-2D7B-48FE-B1FA-E3BC1AFC9BD5} = {D761A62D-21D0-98B2-616F-78F642F924B4}
		{2F8FD064-5598-4323-A746-A8B4559F3294} = {D761A62D-21D0-98B2-616F-78F642F924B4}
		{C9E32DFD-66DE-4A7D-8A57-164E7C0F5E0C} = {984BB9B3-3FA3-BE33-9484-CAC21695A33C}
		{0E2F8AE0-DAE7-4F9B-8BCF-8A7D7163AF19} = {C9E32DFD-66DE-4A7D-8A57-164E7C0F5E0C}
		{361D3C2C-EE3B-4794-8EA6-1C9C3E72C0B2} = {C9E32DFD-66DE-4A7D-8A57-164E7C0F5E0C}
		{F0F3B66E-9E6B-4DFF-93BB-7883F667A2C2} = {984BB9B3-3FA3-BE33-9484-CAC21695A33C}
		{996B1A1A-0E6F-4C7F-9FC0-D26B65B638F3} = {F0F3B66E-9E6B-4DFF-93BB-7883F667A2C2}
		{A1B8F733-45F6-4E4E-A2F9-8B12E434A6C7} = {F0F3B66E-9E6B-4DFF-93BB-7883F667A2C2}
		{49A61280-BE0B-B347-9318-97195D323CE9} = {984BB9B3-3FA3-BE33-9484-CAC21695A33C}
		{95327C3E-91FC-46AD-8C50-5256CC86B779} = {49A61280-BE0B-B347-9318-97195D323CE9}
	EndGlobalSection
	GlobalSection(ExtensibilityGlobals) = postSolution
		SolutionGuid = {D2979DBD-3AD5-4DC1-9A50-A71A546ADF10}
	EndGlobalSection
EndGlobal
